
Microsoft Visual Studio Solution File, Format Version 12.00
# Visual Studio 2013
VisualStudioVersion = 12.0.30324.0
MinimumVisualStudioVersion = 10.0.40219.1
Project("{2150E333-8FDC-42A3-9474-1A3956D46DE8}") = "Solution Items", "Solution Items", "{47AF993E-FF6B-4D53-B625-0EFFFEF03D7D}"
EndProject
Project("{2150E333-8FDC-42A3-9474-1A3956D46DE8}") = "Tests", "Tests", "{EE7BDFAE-EDC8-4582-965F-DEB20B73D7CA}"
EndProject
Project("{FAE04EC0-301F-11D3-BF4B-00C04F79EFBC}") = "GeoAPI.Pcl", "NetTopologySuite\GeoAPI.Pcl\GeoAPI.Pcl.csproj", "{92B3B84B-50F1-4147-8B97-D93B90FA5514}"
EndProject
Project("{FAE04EC0-301F-11D3-BF4B-00C04F79EFBC}") = "PowerCollections.Pcl", "NetTopologySuite\PowerCollections.Pcl\PowerCollections.Pcl.csproj", "{4FE07049-9F3A-42A4-8105-B1A72FE15C67}"
EndProject
Project("{FAE04EC0-301F-11D3-BF4B-00C04F79EFBC}") = "NetTopologySuite.Pcl", "NetTopologySuite\NetTopologySuite.Pcl\NetTopologySuite.Pcl.csproj", "{C6F14605-0DA6-420A-8DE7-18B57E9A9C99}"
EndProject
Project("{FAE04EC0-301F-11D3-BF4B-00C04F79EFBC}") = "ProjNet.Pcl", "NetTopologySuite\ProjNet.Pcl\ProjNet.Pcl.csproj", "{33FAAD57-CDC6-4D4A-BE46-FBAB97B22508}"
EndProject
Project("{FAE04EC0-301F-11D3-BF4B-00C04F79EFBC}") = "SharpMap.Pcl", "SharpMap.Pcl\SharpMap.Pcl.csproj", "{AA00A1AF-E07E-4266-80B9-EDC13EA2DD35}"
EndProject
Project("{2150E333-8FDC-42A3-9474-1A3956D46DE8}") = "NetTopologySuite", "NetTopologySuite", "{8932616D-1E10-4702-95F5-54DD1EECB044}"
EndProject
Project("{FAE04EC0-301F-11D3-BF4B-00C04F79EFBC}") = "Portable", "Portable\Portable.csproj", "{83C6BF62-8939-42C8-ADEE-4B782B4F3CC5}"
EndProject
Project("{FAE04EC0-301F-11D3-BF4B-00C04F79EFBC}") = "Portable.Net", "Portable.Net\Portable.Net.csproj", "{D37B8975-A4A3-4D3A-B7DA-9BD1C792C4C5}"
EndProject
Project("{FAE04EC0-301F-11D3-BF4B-00C04F79EFBC}") = "SharpMap.Pcl.Tests", "SharpMap.Pcl.Tests\SharpMap.Pcl.Tests.csproj", "{7843E3FC-3564-4C2D-B05D-EB9CE89D21EB}"
EndProject
Project("{FAE04EC0-301F-11D3-BF4B-00C04F79EFBC}") = "NetTopologySuite.Encodings", "NetTopologySuite\NetTopologySuite.Encodings\NetTopologySuite.Encodings.csproj", "{02CB4412-3CDB-4506-B48A-0D43C423E8CB}"
EndProject
Project("{FAE04EC0-301F-11D3-BF4B-00C04F79EFBC}") = "NetTopologySuite.Data", "NetTopologySuite.Data\NetTopologySuite.Data.csproj", "{96304FE2-6352-4486-89FB-0CB4F020BF66}"
EndProject
Project("{FAE04EC0-301F-11D3-BF4B-00C04F79EFBC}") = "NetTopologySuite.IO.Pcl", "NetTopologySuite.IO.Pcl\NetTopologySuite.IO.Pcl.csproj", "{175EBD26-C952-48E1-B718-9E9E4D6E0912}"
EndProject
Project("{FAE04EC0-301F-11D3-BF4B-00C04F79EFBC}") = "NetTopologySuite.IO.GeoTools", "NetTopologySuite.IO.GeoTools\NetTopologySuite.IO.GeoTools.csproj", "{9945BFAE-1BC2-4D50-B60C-641963FE2D0F}"
EndProject
Project("{FAE04EC0-301F-11D3-BF4B-00C04F79EFBC}") = "NetTopologySuite.Tests", "NetTopologySuite.Tests\NetTopologySuite.Tests.csproj", "{1B0F5146-490F-40B3-A95D-9098D2D7D8C5}"
EndProject
Global
	GlobalSection(SolutionConfigurationPlatforms) = preSolution
		Debug|Any CPU = Debug|Any CPU
		Debug|ARM = Debug|ARM
		Debug|Mixed Platforms = Debug|Mixed Platforms
		Debug|x86 = Debug|x86
		Device|Any CPU = Device|Any CPU
		Device|ARM = Device|ARM
		Device|Mixed Platforms = Device|Mixed Platforms
		Device|x86 = Device|x86
		Release|Any CPU = Release|Any CPU
		Release|ARM = Release|ARM
		Release|Mixed Platforms = Release|Mixed Platforms
		Release|x86 = Release|x86
	EndGlobalSection
	GlobalSection(ProjectConfigurationPlatforms) = postSolution
		{92B3B84B-50F1-4147-8B97-D93B90FA5514}.Debug|Any CPU.ActiveCfg = Debug|Any CPU
		{92B3B84B-50F1-4147-8B97-D93B90FA5514}.Debug|Any CPU.Build.0 = Debug|Any CPU
		{92B3B84B-50F1-4147-8B97-D93B90FA5514}.Debug|ARM.ActiveCfg = Debug|Any CPU
		{92B3B84B-50F1-4147-8B97-D93B90FA5514}.Debug|Mixed Platforms.ActiveCfg = Debug|Any CPU
		{92B3B84B-50F1-4147-8B97-D93B90FA5514}.Debug|Mixed Platforms.Build.0 = Debug|Any CPU
		{92B3B84B-50F1-4147-8B97-D93B90FA5514}.Debug|x86.ActiveCfg = Debug|Any CPU
		{92B3B84B-50F1-4147-8B97-D93B90FA5514}.Device|Any CPU.ActiveCfg = Debug|Any CPU
		{92B3B84B-50F1-4147-8B97-D93B90FA5514}.Device|Any CPU.Build.0 = Debug|Any CPU
		{92B3B84B-50F1-4147-8B97-D93B90FA5514}.Device|ARM.ActiveCfg = Debug|Any CPU
		{92B3B84B-50F1-4147-8B97-D93B90FA5514}.Device|Mixed Platforms.ActiveCfg = Debug|Any CPU
		{92B3B84B-50F1-4147-8B97-D93B90FA5514}.Device|Mixed Platforms.Build.0 = Debug|Any CPU
		{92B3B84B-50F1-4147-8B97-D93B90FA5514}.Device|x86.ActiveCfg = Debug|Any CPU
		{92B3B84B-50F1-4147-8B97-D93B90FA5514}.Release|Any CPU.ActiveCfg = Release|Any CPU
		{92B3B84B-50F1-4147-8B97-D93B90FA5514}.Release|Any CPU.Build.0 = Release|Any CPU
		{92B3B84B-50F1-4147-8B97-D93B90FA5514}.Release|ARM.ActiveCfg = Release|Any CPU
		{92B3B84B-50F1-4147-8B97-D93B90FA5514}.Release|Mixed Platforms.ActiveCfg = Release|Any CPU
		{92B3B84B-50F1-4147-8B97-D93B90FA5514}.Release|Mixed Platforms.Build.0 = Release|Any CPU
		{92B3B84B-50F1-4147-8B97-D93B90FA5514}.Release|x86.ActiveCfg = Release|Any CPU
		{4FE07049-9F3A-42A4-8105-B1A72FE15C67}.Debug|Any CPU.ActiveCfg = Debug|Any CPU
		{4FE07049-9F3A-42A4-8105-B1A72FE15C67}.Debug|Any CPU.Build.0 = Debug|Any CPU
		{4FE07049-9F3A-42A4-8105-B1A72FE15C67}.Debug|ARM.ActiveCfg = Debug|Any CPU
		{4FE07049-9F3A-42A4-8105-B1A72FE15C67}.Debug|Mixed Platforms.ActiveCfg = Debug|Any CPU
		{4FE07049-9F3A-42A4-8105-B1A72FE15C67}.Debug|Mixed Platforms.Build.0 = Debug|Any CPU
		{4FE07049-9F3A-42A4-8105-B1A72FE15C67}.Debug|x86.ActiveCfg = Debug|Any CPU
		{4FE07049-9F3A-42A4-8105-B1A72FE15C67}.Device|Any CPU.ActiveCfg = Debug|Any CPU
		{4FE07049-9F3A-42A4-8105-B1A72FE15C67}.Device|Any CPU.Build.0 = Debug|Any CPU
		{4FE07049-9F3A-42A4-8105-B1A72FE15C67}.Device|ARM.ActiveCfg = Debug|Any CPU
		{4FE07049-9F3A-42A4-8105-B1A72FE15C67}.Device|Mixed Platforms.ActiveCfg = Debug|Any CPU
		{4FE07049-9F3A-42A4-8105-B1A72FE15C67}.Device|Mixed Platforms.Build.0 = Debug|Any CPU
		{4FE07049-9F3A-42A4-8105-B1A72FE15C67}.Device|x86.ActiveCfg = Debug|Any CPU
		{4FE07049-9F3A-42A4-8105-B1A72FE15C67}.Release|Any CPU.ActiveCfg = Release|Any CPU
		{4FE07049-9F3A-42A4-8105-B1A72FE15C67}.Release|Any CPU.Build.0 = Release|Any CPU
		{4FE07049-9F3A-42A4-8105-B1A72FE15C67}.Release|ARM.ActiveCfg = Release|Any CPU
		{4FE07049-9F3A-42A4-8105-B1A72FE15C67}.Release|Mixed Platforms.ActiveCfg = Release|Any CPU
		{4FE07049-9F3A-42A4-8105-B1A72FE15C67}.Release|Mixed Platforms.Build.0 = Release|Any CPU
		{4FE07049-9F3A-42A4-8105-B1A72FE15C67}.Release|x86.ActiveCfg = Release|Any CPU
		{C6F14605-0DA6-420A-8DE7-18B57E9A9C99}.Debug|Any CPU.ActiveCfg = Debug|Any CPU
		{C6F14605-0DA6-420A-8DE7-18B57E9A9C99}.Debug|Any CPU.Build.0 = Debug|Any CPU
		{C6F14605-0DA6-420A-8DE7-18B57E9A9C99}.Debug|ARM.ActiveCfg = Debug|Any CPU
		{C6F14605-0DA6-420A-8DE7-18B57E9A9C99}.Debug|Mixed Platforms.ActiveCfg = Debug|Any CPU
		{C6F14605-0DA6-420A-8DE7-18B57E9A9C99}.Debug|Mixed Platforms.Build.0 = Debug|Any CPU
		{C6F14605-0DA6-420A-8DE7-18B57E9A9C99}.Debug|x86.ActiveCfg = Debug|Any CPU
		{C6F14605-0DA6-420A-8DE7-18B57E9A9C99}.Device|Any CPU.ActiveCfg = Debug|Any CPU
		{C6F14605-0DA6-420A-8DE7-18B57E9A9C99}.Device|Any CPU.Build.0 = Debug|Any CPU
		{C6F14605-0DA6-420A-8DE7-18B57E9A9C99}.Device|ARM.ActiveCfg = Debug|Any CPU
		{C6F14605-0DA6-420A-8DE7-18B57E9A9C99}.Device|Mixed Platforms.ActiveCfg = Debug|Any CPU
		{C6F14605-0DA6-420A-8DE7-18B57E9A9C99}.Device|Mixed Platforms.Build.0 = Debug|Any CPU
		{C6F14605-0DA6-420A-8DE7-18B57E9A9C99}.Device|x86.ActiveCfg = Debug|Any CPU
		{C6F14605-0DA6-420A-8DE7-18B57E9A9C99}.Release|Any CPU.ActiveCfg = Release|Any CPU
		{C6F14605-0DA6-420A-8DE7-18B57E9A9C99}.Release|Any CPU.Build.0 = Release|Any CPU
		{C6F14605-0DA6-420A-8DE7-18B57E9A9C99}.Release|ARM.ActiveCfg = Release|Any CPU
		{C6F14605-0DA6-420A-8DE7-18B57E9A9C99}.Release|Mixed Platforms.ActiveCfg = Release|Any CPU
		{C6F14605-0DA6-420A-8DE7-18B57E9A9C99}.Release|Mixed Platforms.Build.0 = Release|Any CPU
		{C6F14605-0DA6-420A-8DE7-18B57E9A9C99}.Release|x86.ActiveCfg = Release|Any CPU
		{33FAAD57-CDC6-4D4A-BE46-FBAB97B22508}.Debug|Any CPU.ActiveCfg = Debug|Any CPU
		{33FAAD57-CDC6-4D4A-BE46-FBAB97B22508}.Debug|Any CPU.Build.0 = Debug|Any CPU
		{33FAAD57-CDC6-4D4A-BE46-FBAB97B22508}.Debug|ARM.ActiveCfg = Debug|Any CPU
		{33FAAD57-CDC6-4D4A-BE46-FBAB97B22508}.Debug|Mixed Platforms.ActiveCfg = Debug|Any CPU
		{33FAAD57-CDC6-4D4A-BE46-FBAB97B22508}.Debug|Mixed Platforms.Build.0 = Debug|Any CPU
		{33FAAD57-CDC6-4D4A-BE46-FBAB97B22508}.Debug|x86.ActiveCfg = Debug|Any CPU
		{33FAAD57-CDC6-4D4A-BE46-FBAB97B22508}.Device|Any CPU.ActiveCfg = Debug|Any CPU
		{33FAAD57-CDC6-4D4A-BE46-FBAB97B22508}.Device|Any CPU.Build.0 = Debug|Any CPU
		{33FAAD57-CDC6-4D4A-BE46-FBAB97B22508}.Device|ARM.ActiveCfg = Debug|Any CPU
		{33FAAD57-CDC6-4D4A-BE46-FBAB97B22508}.Device|Mixed Platforms.ActiveCfg = Debug|Any CPU
		{33FAAD57-CDC6-4D4A-BE46-FBAB97B22508}.Device|Mixed Platforms.Build.0 = Debug|Any CPU
		{33FAAD57-CDC6-4D4A-BE46-FBAB97B22508}.Device|x86.ActiveCfg = Debug|Any CPU
		{33FAAD57-CDC6-4D4A-BE46-FBAB97B22508}.Release|Any CPU.ActiveCfg = Release|Any CPU
		{33FAAD57-CDC6-4D4A-BE46-FBAB97B22508}.Release|Any CPU.Build.0 = Release|Any CPU
		{33FAAD57-CDC6-4D4A-BE46-FBAB97B22508}.Release|ARM.ActiveCfg = Release|Any CPU
		{33FAAD57-CDC6-4D4A-BE46-FBAB97B22508}.Release|Mixed Platforms.ActiveCfg = Release|Any CPU
		{33FAAD57-CDC6-4D4A-BE46-FBAB97B22508}.Release|Mixed Platforms.Build.0 = Release|Any CPU
		{33FAAD57-CDC6-4D4A-BE46-FBAB97B22508}.Release|x86.ActiveCfg = Release|Any CPU
		{AA00A1AF-E07E-4266-80B9-EDC13EA2DD35}.Debug|Any CPU.ActiveCfg = Debug|Any CPU
		{AA00A1AF-E07E-4266-80B9-EDC13EA2DD35}.Debug|Any CPU.Build.0 = Debug|Any CPU
		{AA00A1AF-E07E-4266-80B9-EDC13EA2DD35}.Debug|ARM.ActiveCfg = Debug|Any CPU
		{AA00A1AF-E07E-4266-80B9-EDC13EA2DD35}.Debug|Mixed Platforms.ActiveCfg = Debug|Any CPU
		{AA00A1AF-E07E-4266-80B9-EDC13EA2DD35}.Debug|Mixed Platforms.Build.0 = Debug|Any CPU
		{AA00A1AF-E07E-4266-80B9-EDC13EA2DD35}.Debug|x86.ActiveCfg = Debug|Any CPU
		{AA00A1AF-E07E-4266-80B9-EDC13EA2DD35}.Device|Any CPU.ActiveCfg = Debug|Any CPU
		{AA00A1AF-E07E-4266-80B9-EDC13EA2DD35}.Device|Any CPU.Build.0 = Debug|Any CPU
		{AA00A1AF-E07E-4266-80B9-EDC13EA2DD35}.Device|ARM.ActiveCfg = Debug|Any CPU
		{AA00A1AF-E07E-4266-80B9-EDC13EA2DD35}.Device|Mixed Platforms.ActiveCfg = Debug|Any CPU
		{AA00A1AF-E07E-4266-80B9-EDC13EA2DD35}.Device|Mixed Platforms.Build.0 = Debug|Any CPU
		{AA00A1AF-E07E-4266-80B9-EDC13EA2DD35}.Device|x86.ActiveCfg = Debug|Any CPU
		{AA00A1AF-E07E-4266-80B9-EDC13EA2DD35}.Release|Any CPU.ActiveCfg = Release|Any CPU
		{AA00A1AF-E07E-4266-80B9-EDC13EA2DD35}.Release|Any CPU.Build.0 = Release|Any CPU
		{AA00A1AF-E07E-4266-80B9-EDC13EA2DD35}.Release|ARM.ActiveCfg = Release|Any CPU
		{AA00A1AF-E07E-4266-80B9-EDC13EA2DD35}.Release|Mixed Platforms.ActiveCfg = Release|Any CPU
		{AA00A1AF-E07E-4266-80B9-EDC13EA2DD35}.Release|Mixed Platforms.Build.0 = Release|Any CPU
		{AA00A1AF-E07E-4266-80B9-EDC13EA2DD35}.Release|x86.ActiveCfg = Release|Any CPU
		{83C6BF62-8939-42C8-ADEE-4B782B4F3CC5}.Debug|Any CPU.ActiveCfg = Debug|Any CPU
		{83C6BF62-8939-42C8-ADEE-4B782B4F3CC5}.Debug|Any CPU.Build.0 = Debug|Any CPU
		{83C6BF62-8939-42C8-ADEE-4B782B4F3CC5}.Debug|ARM.ActiveCfg = Debug|Any CPU
		{83C6BF62-8939-42C8-ADEE-4B782B4F3CC5}.Debug|Mixed Platforms.ActiveCfg = Debug|Any CPU
		{83C6BF62-8939-42C8-ADEE-4B782B4F3CC5}.Debug|Mixed Platforms.Build.0 = Debug|Any CPU
		{83C6BF62-8939-42C8-ADEE-4B782B4F3CC5}.Debug|x86.ActiveCfg = Debug|Any CPU
		{83C6BF62-8939-42C8-ADEE-4B782B4F3CC5}.Device|Any CPU.ActiveCfg = Debug|Any CPU
		{83C6BF62-8939-42C8-ADEE-4B782B4F3CC5}.Device|Any CPU.Build.0 = Debug|Any CPU
		{83C6BF62-8939-42C8-ADEE-4B782B4F3CC5}.Device|ARM.ActiveCfg = Debug|Any CPU
		{83C6BF62-8939-42C8-ADEE-4B782B4F3CC5}.Device|Mixed Platforms.ActiveCfg = Debug|Any CPU
		{83C6BF62-8939-42C8-ADEE-4B782B4F3CC5}.Device|Mixed Platforms.Build.0 = Debug|Any CPU
		{83C6BF62-8939-42C8-ADEE-4B782B4F3CC5}.Device|x86.ActiveCfg = Debug|Any CPU
		{83C6BF62-8939-42C8-ADEE-4B782B4F3CC5}.Release|Any CPU.ActiveCfg = Release|Any CPU
		{83C6BF62-8939-42C8-ADEE-4B782B4F3CC5}.Release|Any CPU.Build.0 = Release|Any CPU
		{83C6BF62-8939-42C8-ADEE-4B782B4F3CC5}.Release|ARM.ActiveCfg = Release|Any CPU
		{83C6BF62-8939-42C8-ADEE-4B782B4F3CC5}.Release|Mixed Platforms.ActiveCfg = Release|Any CPU
		{83C6BF62-8939-42C8-ADEE-4B782B4F3CC5}.Release|Mixed Platforms.Build.0 = Release|Any CPU
		{83C6BF62-8939-42C8-ADEE-4B782B4F3CC5}.Release|x86.ActiveCfg = Release|Any CPU
		{D37B8975-A4A3-4D3A-B7DA-9BD1C792C4C5}.Debug|Any CPU.ActiveCfg = Debug|Any CPU
		{D37B8975-A4A3-4D3A-B7DA-9BD1C792C4C5}.Debug|Any CPU.Build.0 = Debug|Any CPU
		{D37B8975-A4A3-4D3A-B7DA-9BD1C792C4C5}.Debug|ARM.ActiveCfg = Debug|Any CPU
		{D37B8975-A4A3-4D3A-B7DA-9BD1C792C4C5}.Debug|Mixed Platforms.ActiveCfg = Debug|Any CPU
		{D37B8975-A4A3-4D3A-B7DA-9BD1C792C4C5}.Debug|Mixed Platforms.Build.0 = Debug|Any CPU
		{D37B8975-A4A3-4D3A-B7DA-9BD1C792C4C5}.Debug|x86.ActiveCfg = Debug|Any CPU
		{D37B8975-A4A3-4D3A-B7DA-9BD1C792C4C5}.Device|Any CPU.ActiveCfg = Debug|Any CPU
		{D37B8975-A4A3-4D3A-B7DA-9BD1C792C4C5}.Device|Any CPU.Build.0 = Debug|Any CPU
		{D37B8975-A4A3-4D3A-B7DA-9BD1C792C4C5}.Device|ARM.ActiveCfg = Debug|Any CPU
		{D37B8975-A4A3-4D3A-B7DA-9BD1C792C4C5}.Device|Mixed Platforms.ActiveCfg = Debug|Any CPU
		{D37B8975-A4A3-4D3A-B7DA-9BD1C792C4C5}.Device|Mixed Platforms.Build.0 = Debug|Any CPU
		{D37B8975-A4A3-4D3A-B7DA-9BD1C792C4C5}.Device|x86.ActiveCfg = Debug|Any CPU
		{D37B8975-A4A3-4D3A-B7DA-9BD1C792C4C5}.Release|Any CPU.ActiveCfg = Release|Any CPU
		{D37B8975-A4A3-4D3A-B7DA-9BD1C792C4C5}.Release|Any CPU.Build.0 = Release|Any CPU
		{D37B8975-A4A3-4D3A-B7DA-9BD1C792C4C5}.Release|ARM.ActiveCfg = Release|Any CPU
		{D37B8975-A4A3-4D3A-B7DA-9BD1C792C4C5}.Release|Mixed Platforms.ActiveCfg = Release|Any CPU
		{D37B8975-A4A3-4D3A-B7DA-9BD1C792C4C5}.Release|Mixed Platforms.Build.0 = Release|Any CPU
		{D37B8975-A4A3-4D3A-B7DA-9BD1C792C4C5}.Release|x86.ActiveCfg = Release|Any CPU
		{7843E3FC-3564-4C2D-B05D-EB9CE89D21EB}.Debug|Any CPU.ActiveCfg = Debug|Any CPU
		{7843E3FC-3564-4C2D-B05D-EB9CE89D21EB}.Debug|Any CPU.Build.0 = Debug|Any CPU
		{7843E3FC-3564-4C2D-B05D-EB9CE89D21EB}.Debug|ARM.ActiveCfg = Debug|Any CPU
		{7843E3FC-3564-4C2D-B05D-EB9CE89D21EB}.Debug|Mixed Platforms.ActiveCfg = Debug|Any CPU
		{7843E3FC-3564-4C2D-B05D-EB9CE89D21EB}.Debug|Mixed Platforms.Build.0 = Debug|Any CPU
		{7843E3FC-3564-4C2D-B05D-EB9CE89D21EB}.Debug|x86.ActiveCfg = Debug|Any CPU
		{7843E3FC-3564-4C2D-B05D-EB9CE89D21EB}.Device|Any CPU.ActiveCfg = Debug|Any CPU
		{7843E3FC-3564-4C2D-B05D-EB9CE89D21EB}.Device|Any CPU.Build.0 = Debug|Any CPU
		{7843E3FC-3564-4C2D-B05D-EB9CE89D21EB}.Device|ARM.ActiveCfg = Debug|Any CPU
		{7843E3FC-3564-4C2D-B05D-EB9CE89D21EB}.Device|Mixed Platforms.ActiveCfg = Debug|Any CPU
		{7843E3FC-3564-4C2D-B05D-EB9CE89D21EB}.Device|Mixed Platforms.Build.0 = Debug|Any CPU
		{7843E3FC-3564-4C2D-B05D-EB9CE89D21EB}.Device|x86.ActiveCfg = Debug|Any CPU
		{7843E3FC-3564-4C2D-B05D-EB9CE89D21EB}.Release|Any CPU.ActiveCfg = Release|Any CPU
		{7843E3FC-3564-4C2D-B05D-EB9CE89D21EB}.Release|Any CPU.Build.0 = Release|Any CPU
		{7843E3FC-3564-4C2D-B05D-EB9CE89D21EB}.Release|ARM.ActiveCfg = Release|Any CPU
		{7843E3FC-3564-4C2D-B05D-EB9CE89D21EB}.Release|Mixed Platforms.ActiveCfg = Release|Any CPU
		{7843E3FC-3564-4C2D-B05D-EB9CE89D21EB}.Release|Mixed Platforms.Build.0 = Release|Any CPU
		{7843E3FC-3564-4C2D-B05D-EB9CE89D21EB}.Release|x86.ActiveCfg = Release|Any CPU
		{02CB4412-3CDB-4506-B48A-0D43C423E8CB}.Debug|Any CPU.ActiveCfg = Debug|Any CPU
		{02CB4412-3CDB-4506-B48A-0D43C423E8CB}.Debug|Any CPU.Build.0 = Debug|Any CPU
		{02CB4412-3CDB-4506-B48A-0D43C423E8CB}.Debug|ARM.ActiveCfg = Debug|Any CPU
		{02CB4412-3CDB-4506-B48A-0D43C423E8CB}.Debug|Mixed Platforms.ActiveCfg = Debug|Any CPU
		{02CB4412-3CDB-4506-B48A-0D43C423E8CB}.Debug|Mixed Platforms.Build.0 = Debug|Any CPU
		{02CB4412-3CDB-4506-B48A-0D43C423E8CB}.Debug|x86.ActiveCfg = Debug|Any CPU
		{02CB4412-3CDB-4506-B48A-0D43C423E8CB}.Device|Any CPU.ActiveCfg = Debug|Any CPU
		{02CB4412-3CDB-4506-B48A-0D43C423E8CB}.Device|Any CPU.Build.0 = Debug|Any CPU
		{02CB4412-3CDB-4506-B48A-0D43C423E8CB}.Device|ARM.ActiveCfg = Debug|Any CPU
		{02CB4412-3CDB-4506-B48A-0D43C423E8CB}.Device|Mixed Platforms.ActiveCfg = Debug|Any CPU
		{02CB4412-3CDB-4506-B48A-0D43C423E8CB}.Device|Mixed Platforms.Build.0 = Debug|Any CPU
		{02CB4412-3CDB-4506-B48A-0D43C423E8CB}.Device|x86.ActiveCfg = Debug|Any CPU
		{02CB4412-3CDB-4506-B48A-0D43C423E8CB}.Release|Any CPU.ActiveCfg = Release|Any CPU
		{02CB4412-3CDB-4506-B48A-0D43C423E8CB}.Release|Any CPU.Build.0 = Release|Any CPU
		{02CB4412-3CDB-4506-B48A-0D43C423E8CB}.Release|ARM.ActiveCfg = Release|Any CPU
		{02CB4412-3CDB-4506-B48A-0D43C423E8CB}.Release|Mixed Platforms.ActiveCfg = Release|Any CPU
		{02CB4412-3CDB-4506-B48A-0D43C423E8CB}.Release|Mixed Platforms.Build.0 = Release|Any CPU
		{02CB4412-3CDB-4506-B48A-0D43C423E8CB}.Release|x86.ActiveCfg = Release|Any CPU
		{96304FE2-6352-4486-89FB-0CB4F020BF66}.Debug|Any CPU.ActiveCfg = Debug|Any CPU
		{96304FE2-6352-4486-89FB-0CB4F020BF66}.Debug|Any CPU.Build.0 = Debug|Any CPU
		{96304FE2-6352-4486-89FB-0CB4F020BF66}.Debug|ARM.ActiveCfg = Debug|Any CPU
		{96304FE2-6352-4486-89FB-0CB4F020BF66}.Debug|Mixed Platforms.ActiveCfg = Debug|Any CPU
		{96304FE2-6352-4486-89FB-0CB4F020BF66}.Debug|Mixed Platforms.Build.0 = Debug|Any CPU
		{96304FE2-6352-4486-89FB-0CB4F020BF66}.Debug|x86.ActiveCfg = Debug|Any CPU
		{96304FE2-6352-4486-89FB-0CB4F020BF66}.Device|Any CPU.ActiveCfg = Debug|Any CPU
		{96304FE2-6352-4486-89FB-0CB4F020BF66}.Device|Any CPU.Build.0 = Debug|Any CPU
		{96304FE2-6352-4486-89FB-0CB4F020BF66}.Device|ARM.ActiveCfg = Debug|Any CPU
		{96304FE2-6352-4486-89FB-0CB4F020BF66}.Device|Mixed Platforms.ActiveCfg = Debug|Any CPU
		{96304FE2-6352-4486-89FB-0CB4F020BF66}.Device|Mixed Platforms.Build.0 = Debug|Any CPU
		{96304FE2-6352-4486-89FB-0CB4F020BF66}.Device|x86.ActiveCfg = Debug|Any CPU
		{96304FE2-6352-4486-89FB-0CB4F020BF66}.Release|Any CPU.ActiveCfg = Release|Any CPU
		{96304FE2-6352-4486-89FB-0CB4F020BF66}.Release|Any CPU.Build.0 = Release|Any CPU
		{96304FE2-6352-4486-89FB-0CB4F020BF66}.Release|ARM.ActiveCfg = Release|Any CPU
		{96304FE2-6352-4486-89FB-0CB4F020BF66}.Release|Mixed Platforms.ActiveCfg = Release|Any CPU
		{96304FE2-6352-4486-89FB-0CB4F020BF66}.Release|Mixed Platforms.Build.0 = Release|Any CPU
		{96304FE2-6352-4486-89FB-0CB4F020BF66}.Release|x86.ActiveCfg = Release|Any CPU
		{175EBD26-C952-48E1-B718-9E9E4D6E0912}.Debug|Any CPU.ActiveCfg = Debug|Any CPU
		{175EBD26-C952-48E1-B718-9E9E4D6E0912}.Debug|Any CPU.Build.0 = Debug|Any CPU
		{175EBD26-C952-48E1-B718-9E9E4D6E0912}.Debug|ARM.ActiveCfg = Debug|Any CPU
		{175EBD26-C952-48E1-B718-9E9E4D6E0912}.Debug|Mixed Platforms.ActiveCfg = Debug|Any CPU
		{175EBD26-C952-48E1-B718-9E9E4D6E0912}.Debug|Mixed Platforms.Build.0 = Debug|Any CPU
		{175EBD26-C952-48E1-B718-9E9E4D6E0912}.Debug|x86.ActiveCfg = Debug|Any CPU
		{175EBD26-C952-48E1-B718-9E9E4D6E0912}.Device|Any CPU.ActiveCfg = Debug|Any CPU
		{175EBD26-C952-48E1-B718-9E9E4D6E0912}.Device|Any CPU.Build.0 = Debug|Any CPU
		{175EBD26-C952-48E1-B718-9E9E4D6E0912}.Device|ARM.ActiveCfg = Debug|Any CPU
		{175EBD26-C952-48E1-B718-9E9E4D6E0912}.Device|Mixed Platforms.ActiveCfg = Debug|Any CPU
		{175EBD26-C952-48E1-B718-9E9E4D6E0912}.Device|Mixed Platforms.Build.0 = Debug|Any CPU
		{175EBD26-C952-48E1-B718-9E9E4D6E0912}.Device|x86.ActiveCfg = Debug|Any CPU
		{175EBD26-C952-48E1-B718-9E9E4D6E0912}.Release|Any CPU.ActiveCfg = Release|Any CPU
		{175EBD26-C952-48E1-B718-9E9E4D6E0912}.Release|Any CPU.Build.0 = Release|Any CPU
		{175EBD26-C952-48E1-B718-9E9E4D6E0912}.Release|ARM.ActiveCfg = Release|Any CPU
		{175EBD26-C952-48E1-B718-9E9E4D6E0912}.Release|Mixed Platforms.ActiveCfg = Release|Any CPU
		{175EBD26-C952-48E1-B718-9E9E4D6E0912}.Release|Mixed Platforms.Build.0 = Release|Any CPU
		{175EBD26-C952-48E1-B718-9E9E4D6E0912}.Release|x86.ActiveCfg = Release|Any CPU
		{9945BFAE-1BC2-4D50-B60C-641963FE2D0F}.Debug|Any CPU.ActiveCfg = Debug|Any CPU
		{9945BFAE-1BC2-4D50-B60C-641963FE2D0F}.Debug|Any CPU.Build.0 = Debug|Any CPU
		{9945BFAE-1BC2-4D50-B60C-641963FE2D0F}.Debug|ARM.ActiveCfg = Debug|Any CPU
		{9945BFAE-1BC2-4D50-B60C-641963FE2D0F}.Debug|Mixed Platforms.ActiveCfg = Debug|Any CPU
		{9945BFAE-1BC2-4D50-B60C-641963FE2D0F}.Debug|Mixed Platforms.Build.0 = Debug|Any CPU
		{9945BFAE-1BC2-4D50-B60C-641963FE2D0F}.Debug|x86.ActiveCfg = Debug|Any CPU
		{9945BFAE-1BC2-4D50-B60C-641963FE2D0F}.Device|Any CPU.ActiveCfg = Debug|Any CPU
		{9945BFAE-1BC2-4D50-B60C-641963FE2D0F}.Device|Any CPU.Build.0 = Debug|Any CPU
		{9945BFAE-1BC2-4D50-B60C-641963FE2D0F}.Device|ARM.ActiveCfg = Debug|Any CPU
		{9945BFAE-1BC2-4D50-B60C-641963FE2D0F}.Device|Mixed Platforms.ActiveCfg = Debug|Any CPU
		{9945BFAE-1BC2-4D50-B60C-641963FE2D0F}.Device|Mixed Platforms.Build.0 = Debug|Any CPU
		{9945BFAE-1BC2-4D50-B60C-641963FE2D0F}.Device|x86.ActiveCfg = Debug|Any CPU
		{9945BFAE-1BC2-4D50-B60C-641963FE2D0F}.Release|Any CPU.ActiveCfg = Release|Any CPU
		{9945BFAE-1BC2-4D50-B60C-641963FE2D0F}.Release|Any CPU.Build.0 = Release|Any CPU
		{9945BFAE-1BC2-4D50-B60C-641963FE2D0F}.Release|ARM.ActiveCfg = Release|Any CPU
		{9945BFAE-1BC2-4D50-B60C-641963FE2D0F}.Release|Mixed Platforms.ActiveCfg = Release|Any CPU
		{9945BFAE-1BC2-4D50-B60C-641963FE2D0F}.Release|Mixed Platforms.Build.0 = Release|Any CPU
		{9945BFAE-1BC2-4D50-B60C-641963FE2D0F}.Release|x86.ActiveCfg = Release|Any CPU
		{1B0F5146-490F-40B3-A95D-9098D2D7D8C5}.Debug|Any CPU.ActiveCfg = Debug|Any CPU
		{1B0F5146-490F-40B3-A95D-9098D2D7D8C5}.Debug|Any CPU.Build.0 = Debug|Any CPU
		{1B0F5146-490F-40B3-A95D-9098D2D7D8C5}.Debug|ARM.ActiveCfg = Debug|Any CPU
		{1B0F5146-490F-40B3-A95D-9098D2D7D8C5}.Debug|Mixed Platforms.ActiveCfg = Debug|Any CPU
		{1B0F5146-490F-40B3-A95D-9098D2D7D8C5}.Debug|Mixed Platforms.Build.0 = Debug|Any CPU
		{1B0F5146-490F-40B3-A95D-9098D2D7D8C5}.Debug|x86.ActiveCfg = Debug|Any CPU
		{1B0F5146-490F-40B3-A95D-9098D2D7D8C5}.Device|Any CPU.ActiveCfg = Debug|Any CPU
		{1B0F5146-490F-40B3-A95D-9098D2D7D8C5}.Device|Any CPU.Build.0 = Debug|Any CPU
		{1B0F5146-490F-40B3-A95D-9098D2D7D8C5}.Device|ARM.ActiveCfg = Debug|Any CPU
		{1B0F5146-490F-40B3-A95D-9098D2D7D8C5}.Device|Mixed Platforms.ActiveCfg = Debug|Any CPU
		{1B0F5146-490F-40B3-A95D-9098D2D7D8C5}.Device|Mixed Platforms.Build.0 = Debug|Any CPU
		{1B0F5146-490F-40B3-A95D-9098D2D7D8C5}.Device|x86.ActiveCfg = Debug|Any CPU
		{1B0F5146-490F-40B3-A95D-9098D2D7D8C5}.Release|Any CPU.ActiveCfg = Release|Any CPU
		{1B0F5146-490F-40B3-A95D-9098D2D7D8C5}.Release|Any CPU.Build.0 = Release|Any CPU
		{1B0F5146-490F-40B3-A95D-9098D2D7D8C5}.Release|ARM.ActiveCfg = Release|Any CPU
		{1B0F5146-490F-40B3-A95D-9098D2D7D8C5}.Release|Mixed Platforms.ActiveCfg = Release|Any CPU
		{1B0F5146-490F-40B3-A95D-9098D2D7D8C5}.Release|Mixed Platforms.Build.0 = Release|Any CPU
		{1B0F5146-490F-40B3-A95D-9098D2D7D8C5}.Release|x86.ActiveCfg = Release|Any CPU
	EndGlobalSection
	GlobalSection(SolutionProperties) = preSolution
		HideSolutionNode = FALSE
	EndGlobalSection
	GlobalSection(NestedProjects) = preSolution
		{92B3B84B-50F1-4147-8B97-D93B90FA5514} = {8932616D-1E10-4702-95F5-54DD1EECB044}
		{4FE07049-9F3A-42A4-8105-B1A72FE15C67} = {8932616D-1E10-4702-95F5-54DD1EECB044}
		{C6F14605-0DA6-420A-8DE7-18B57E9A9C99} = {8932616D-1E10-4702-95F5-54DD1EECB044}
		{33FAAD57-CDC6-4D4A-BE46-FBAB97B22508} = {8932616D-1E10-4702-95F5-54DD1EECB044}
		{AA00A1AF-E07E-4266-80B9-EDC13EA2DD35} = {8932616D-1E10-4702-95F5-54DD1EECB044}
		{83C6BF62-8939-42C8-ADEE-4B782B4F3CC5} = {8932616D-1E10-4702-95F5-54DD1EECB044}
		{D37B8975-A4A3-4D3A-B7DA-9BD1C792C4C5} = {8932616D-1E10-4702-95F5-54DD1EECB044}
		{7843E3FC-3564-4C2D-B05D-EB9CE89D21EB} = {EE7BDFAE-EDC8-4582-965F-DEB20B73D7CA}
		{02CB4412-3CDB-4506-B48A-0D43C423E8CB} = {8932616D-1E10-4702-95F5-54DD1EECB044}
		{96304FE2-6352-4486-89FB-0CB4F020BF66} = {8932616D-1E10-4702-95F5-54DD1EECB044}
		{175EBD26-C952-48E1-B718-9E9E4D6E0912} = {8932616D-1E10-4702-95F5-54DD1EECB044}
		{9945BFAE-1BC2-4D50-B60C-641963FE2D0F} = {8932616D-1E10-4702-95F5-54DD1EECB044}
		{1B0F5146-490F-40B3-A95D-9098D2D7D8C5} = {EE7BDFAE-EDC8-4582-965F-DEB20B73D7CA}
	EndGlobalSection
	GlobalSection(TestCaseManagementSettings) = postSolution
		CategoryFile = SilverlightMapServer.Phone.vsmdi
	EndGlobalSection
EndGlobal
